
Microsoft Visual Studio Solution File, Format Version 12.00
# Visual Studio 15
VisualStudioVersion = 15.0.26730.16
MinimumVisualStudioVersion = 10.0.40219.1
Project("{FAE04EC0-301F-11D3-BF4B-00C04F79EFBC}") = "GCLab2.1", "GCLab2.1\GCLab2.1.csproj", "{34ED10DF-CD0A-4080-AA57-0BE24F436EFA}"
EndProject
Global
	GlobalSection(SolutionConfigurationPlatforms) = preSolution
		Debug|Any CPU = Debug|Any CPU
		Release|Any CPU = Release|Any CPU
	EndGlobalSection
	GlobalSection(ProjectConfigurationPlatforms) = postSolution
		{34ED10DF-CD0A-4080-AA57-0BE24F436EFA}.Debug|Any CPU.ActiveCfg = Debug|Any CPU
		{34ED10DF-CD0A-4080-AA57-0BE24F436EFA}.Debug|Any CPU.Build.0 = Debug|Any CPU
		{34ED10DF-CD0A-4080-AA57-0BE24F436EFA}.Release|Any CPU.ActiveCfg = Release|Any CPU
		{34ED10DF-CD0A-4080-AA57-0BE24F436EFA}.Release|Any CPU.Build.0 = Release|Any CPU
	EndGlobalSection
	GlobalSection(SolutionProperties) = preSolution
		HideSolutionNode = FALSE
	EndGlobalSection
	GlobalSection(ExtensibilityGlobals) = postSolution
		SolutionGuid = {3E0348C4-C7D2-4143-BD93-90E7C7D32623}
	EndGlobalSection
EndGlobal
